// !$*UTF8*$!
{
	archiveVersion = 1;
	classes = {
	};
	objectVersion = 46;
	objects = {

/* Begin PBXBuildFile section */
		03B8CBD11CC089980023CCD1 /* Extensions.swift in Sources */ = {isa = PBXBuildFile; fileRef = 03B8CBD01CC089980023CCD1 /* Extensions.swift */; };
		03B8CBD31CC095030023CCD1 /* PhotoOperations.swift in Sources */ = {isa = PBXBuildFile; fileRef = 03B8CBD21CC095030023CCD1 /* PhotoOperations.swift */; };
		D16BE2691B84E3E300888838 /* AppDelegate.swift in Sources */ = {isa = PBXBuildFile; fileRef = D16BE2681B84E3E300888838 /* AppDelegate.swift */; };
		D16BE2701B84E3E300888838 /* Images.xcassets in Resources */ = {isa = PBXBuildFile; fileRef = D16BE26F1B84E3E300888838 /* Images.xcassets */; };
		D16BE27F1B84E3E300888838 /* ToiNewsTests.swift in Sources */ = {isa = PBXBuildFile; fileRef = D16BE27E1B84E3E300888838 /* ToiNewsTests.swift */; };
		D16BE2891B84E43B00888838 /* Connection.swift in Sources */ = {isa = PBXBuildFile; fileRef = D16BE2881B84E43B00888838 /* Connection.swift */; };
		D16BE28B1B84E45600888838 /* NewsModel.swift in Sources */ = {isa = PBXBuildFile; fileRef = D16BE28A1B84E45600888838 /* NewsModel.swift */; };
		D16BE28D1B84E46500888838 /* NewsService.swift in Sources */ = {isa = PBXBuildFile; fileRef = D16BE28C1B84E46500888838 /* NewsService.swift */; };
		D16BE28F1B84E48000888838 /* NewsTableViewController.swift in Sources */ = {isa = PBXBuildFile; fileRef = D16BE28E1B84E48000888838 /* NewsTableViewController.swift */; };
		D16BE2911B84E49700888838 /* WithImageTableViewCell.swift in Sources */ = {isa = PBXBuildFile; fileRef = D16BE2901B84E49700888838 /* WithImageTableViewCell.swift */; };
		D16BE2931B84E4A800888838 /* WithoutImageTableViewCell.swift in Sources */ = {isa = PBXBuildFile; fileRef = D16BE2921B84E4A800888838 /* WithoutImageTableViewCell.swift */; };
		D1E0949D1B863BF30084D25D /* Main.storyboard in Resources */ = {isa = PBXBuildFile; fileRef = D16BE26C1B84E3E300888838 /* Main.storyboard */; };
		D1E0949E1B863BF80084D25D /* LaunchScreen.xib in Resources */ = {isa = PBXBuildFile; fileRef = D16BE2711B84E3E300888838 /* LaunchScreen.xib */; };
/* End PBXBuildFile section */

/* Begin PBXContainerItemProxy section */
		D16BE2791B84E3E300888838 /* PBXContainerItemProxy */ = {
			isa = PBXContainerItemProxy;
			containerPortal = D16BE25B1B84E3E300888838 /* Project object */;
			proxyType = 1;
			remoteGlobalIDString = D16BE2621B84E3E300888838;
			remoteInfo = ToiNews;
		};
/* End PBXContainerItemProxy section */

/* Begin PBXFileReference section */
		03B8CBD01CC089980023CCD1 /* Extensions.swift */ = {isa = PBXFileReference; fileEncoding = 4; lastKnownFileType = sourcecode.swift; path = Extensions.swift; sourceTree = "<group>"; };
		03B8CBD21CC095030023CCD1 /* PhotoOperations.swift */ = {isa = PBXFileReference; fileEncoding = 4; lastKnownFileType = sourcecode.swift; path = PhotoOperations.swift; sourceTree = "<group>"; };
		D16BE2631B84E3E300888838 /* ToiNews.app */ = {isa = PBXFileReference; explicitFileType = wrapper.application; includeInIndex = 0; path = ToiNews.app; sourceTree = BUILT_PRODUCTS_DIR; };
		D16BE2671B84E3E300888838 /* Info.plist */ = {isa = PBXFileReference; lastKnownFileType = text.plist.xml; path = Info.plist; sourceTree = "<group>"; };
		D16BE2681B84E3E300888838 /* AppDelegate.swift */ = {isa = PBXFileReference; lastKnownFileType = sourcecode.swift; path = AppDelegate.swift; sourceTree = "<group>"; };
		D16BE26D1B84E3E300888838 /* Base */ = {isa = PBXFileReference; lastKnownFileType = file.storyboard; name = Base; path = Base.lproj/Main.storyboard; sourceTree = "<group>"; };
		D16BE26F1B84E3E300888838 /* Images.xcassets */ = {isa = PBXFileReference; lastKnownFileType = folder.assetcatalog; path = Images.xcassets; sourceTree = "<group>"; };
		D16BE2721B84E3E300888838 /* Base */ = {isa = PBXFileReference; lastKnownFileType = file.xib; name = Base; path = Base.lproj/LaunchScreen.xib; sourceTree = "<group>"; };
		D16BE2781B84E3E300888838 /* ToiNewsTests.xctest */ = {isa = PBXFileReference; explicitFileType = wrapper.cfbundle; includeInIndex = 0; path = ToiNewsTests.xctest; sourceTree = BUILT_PRODUCTS_DIR; };
		D16BE27D1B84E3E300888838 /* Info.plist */ = {isa = PBXFileReference; lastKnownFileType = text.plist.xml; path = Info.plist; sourceTree = "<group>"; };
		D16BE27E1B84E3E300888838 /* ToiNewsTests.swift */ = {isa = PBXFileReference; lastKnownFileType = sourcecode.swift; path = ToiNewsTests.swift; sourceTree = "<group>"; };
		D16BE2881B84E43B00888838 /* Connection.swift */ = {isa = PBXFileReference; fileEncoding = 4; lastKnownFileType = sourcecode.swift; path = Connection.swift; sourceTree = "<group>"; };
		D16BE28A1B84E45600888838 /* NewsModel.swift */ = {isa = PBXFileReference; fileEncoding = 4; lastKnownFileType = sourcecode.swift; path = NewsModel.swift; sourceTree = "<group>"; };
		D16BE28C1B84E46500888838 /* NewsService.swift */ = {isa = PBXFileReference; fileEncoding = 4; lastKnownFileType = sourcecode.swift; path = NewsService.swift; sourceTree = "<group>"; };
		D16BE28E1B84E48000888838 /* NewsTableViewController.swift */ = {isa = PBXFileReference; fileEncoding = 4; lastKnownFileType = sourcecode.swift; path = NewsTableViewController.swift; sourceTree = "<group>"; };
		D16BE2901B84E49700888838 /* WithImageTableViewCell.swift */ = {isa = PBXFileReference; fileEncoding = 4; lastKnownFileType = sourcecode.swift; path = WithImageTableViewCell.swift; sourceTree = "<group>"; };
		D16BE2921B84E4A800888838 /* WithoutImageTableViewCell.swift */ = {isa = PBXFileReference; fileEncoding = 4; lastKnownFileType = sourcecode.swift; path = WithoutImageTableViewCell.swift; sourceTree = "<group>"; };
/* End PBXFileReference section */

/* Begin PBXFrameworksBuildPhase section */
		D16BE2601B84E3E300888838 /* Frameworks */ = {
			isa = PBXFrameworksBuildPhase;
			buildActionMask = 2147483647;
			files = (
			);
			runOnlyForDeploymentPostprocessing = 0;
		};
		D16BE2751B84E3E300888838 /* Frameworks */ = {
			isa = PBXFrameworksBuildPhase;
			buildActionMask = 2147483647;
			files = (
			);
			runOnlyForDeploymentPostprocessing = 0;
		};
/* End PBXFrameworksBuildPhase section */

/* Begin PBXGroup section */
		D16BE25A1B84E3E300888838 = {
			isa = PBXGroup;
			children = (
				D16BE2651B84E3E300888838 /* ToiNews */,
				D16BE27B1B84E3E300888838 /* ToiNewsTests */,
				D16BE2641B84E3E300888838 /* Products */,
			);
			sourceTree = "<group>";
		};
		D16BE2641B84E3E300888838 /* Products */ = {
			isa = PBXGroup;
			children = (
				D16BE2631B84E3E300888838 /* ToiNews.app */,
				D16BE2781B84E3E300888838 /* ToiNewsTests.xctest */,
			);
			name = Products;
			sourceTree = "<group>";
		};
		D16BE2651B84E3E300888838 /* ToiNews */ = {
			isa = PBXGroup;
			children = (
				D16BE2921B84E4A800888838 /* WithoutImageTableViewCell.swift */,
				D16BE2901B84E49700888838 /* WithImageTableViewCell.swift */,
				D16BE28E1B84E48000888838 /* NewsTableViewController.swift */,
				D16BE28C1B84E46500888838 /* NewsService.swift */,
				D16BE28A1B84E45600888838 /* NewsModel.swift */,
				03B8CBD21CC095030023CCD1 /* PhotoOperations.swift */,
				D16BE2881B84E43B00888838 /* Connection.swift */,
				D16BE2681B84E3E300888838 /* AppDelegate.swift */,
				D16BE26C1B84E3E300888838 /* Main.storyboard */,
				D16BE26F1B84E3E300888838 /* Images.xcassets */,
				D16BE2711B84E3E300888838 /* LaunchScreen.xib */,
				D16BE2661B84E3E300888838 /* Supporting Files */,
				03B8CBD01CC089980023CCD1 /* Extensions.swift */,
			);
			path = ToiNews;
			sourceTree = "<group>";
		};
		D16BE2661B84E3E300888838 /* Supporting Files */ = {
			isa = PBXGroup;
			children = (
				D16BE2671B84E3E300888838 /* Info.plist */,
			);
			name = "Supporting Files";
			sourceTree = "<group>";
		};
		D16BE27B1B84E3E300888838 /* ToiNewsTests */ = {
			isa = PBXGroup;
			children = (
				D16BE27E1B84E3E300888838 /* ToiNewsTests.swift */,
				D16BE27C1B84E3E300888838 /* Supporting Files */,
			);
			path = ToiNewsTests;
			sourceTree = "<group>";
		};
		D16BE27C1B84E3E300888838 /* Supporting Files */ = {
			isa = PBXGroup;
			children = (
				D16BE27D1B84E3E300888838 /* Info.plist */,
			);
			name = "Supporting Files";
			sourceTree = "<group>";
		};
/* End PBXGroup section */

/* Begin PBXNativeTarget section */
		D16BE2621B84E3E300888838 /* ToiNews */ = {
			isa = PBXNativeTarget;
			buildConfigurationList = D16BE2821B84E3E300888838 /* Build configuration list for PBXNativeTarget "ToiNews" */;
			buildPhases = (
				D16BE25F1B84E3E300888838 /* Sources */,
				D16BE2601B84E3E300888838 /* Frameworks */,
				D16BE2611B84E3E300888838 /* Resources */,
			);
			buildRules = (
			);
			dependencies = (
			);
			name = ToiNews;
			productName = ToiNews;
			productReference = D16BE2631B84E3E300888838 /* ToiNews.app */;
			productType = "com.apple.product-type.application";
		};
		D16BE2771B84E3E300888838 /* ToiNewsTests */ = {
			isa = PBXNativeTarget;
			buildConfigurationList = D16BE2851B84E3E300888838 /* Build configuration list for PBXNativeTarget "ToiNewsTests" */;
			buildPhases = (
				D16BE2741B84E3E300888838 /* Sources */,
				D16BE2751B84E3E300888838 /* Frameworks */,
				D16BE2761B84E3E300888838 /* Resources */,
			);
			buildRules = (
			);
			dependencies = (
				D16BE27A1B84E3E300888838 /* PBXTargetDependency */,
			);
			name = ToiNewsTests;
			productName = ToiNewsTests;
			productReference = D16BE2781B84E3E300888838 /* ToiNewsTests.xctest */;
			productType = "com.apple.product-type.bundle.unit-test";
		};
/* End PBXNativeTarget section */

/* Begin PBXProject section */
		D16BE25B1B84E3E300888838 /* Project object */ = {
			isa = PBXProject;
			attributes = {
				LastSwiftUpdateCheck = 0700;
				LastUpgradeCheck = 0630;
				ORGANIZATIONNAME = Citi;
				TargetAttributes = {
					D16BE2621B84E3E300888838 = {
						CreatedOnToolsVersion = 6.3.2;
					};
					D16BE2771B84E3E300888838 = {
						CreatedOnToolsVersion = 6.3.2;
						TestTargetID = D16BE2621B84E3E300888838;
					};
				};
			};
			buildConfigurationList = D16BE25E1B84E3E300888838 /* Build configuration list for PBXProject "ToiNews" */;
			compatibilityVersion = "Xcode 3.2";
			developmentRegion = English;
			hasScannedForEncodings = 0;
			knownRegions = (
				en,
				Base,
			);
			mainGroup = D16BE25A1B84E3E300888838;
			productRefGroup = D16BE2641B84E3E300888838 /* Products */;
			projectDirPath = "";
			projectRoot = "";
			targets = (
				D16BE2621B84E3E300888838 /* ToiNews */,
				D16BE2771B84E3E300888838 /* ToiNewsTests */,
			);
		};
/* End PBXProject section */

/* Begin PBXResourcesBuildPhase section */
		D16BE2611B84E3E300888838 /* Resources */ = {
			isa = PBXResourcesBuildPhase;
			buildActionMask = 2147483647;
			files = (
				D1E0949E1B863BF80084D25D /* LaunchScreen.xib in Resources */,
				D1E0949D1B863BF30084D25D /* Main.storyboard in Resources */,
				D16BE2701B84E3E300888838 /* Images.xcassets in Resources */,
			);
			runOnlyForDeploymentPostprocessing = 0;
		};
		D16BE2761B84E3E300888838 /* Resources */ = {
			isa = PBXResourcesBuildPhase;
			buildActionMask = 2147483647;
			files = (
			);
			runOnlyForDeploymentPostprocessing = 0;
		};
/* End PBXResourcesBuildPhase section */

/* Begin PBXSourcesBuildPhase section */
		D16BE25F1B84E3E300888838 /* Sources */ = {
			isa = PBXSourcesBuildPhase;
			buildActionMask = 2147483647;
			files = (
				D16BE28B1B84E45600888838 /* NewsModel.swift in Sources */,
				03B8CBD11CC089980023CCD1 /* Extensions.swift in Sources */,
				D16BE2691B84E3E300888838 /* AppDelegate.swift in Sources */,
				D16BE2931B84E4A800888838 /* WithoutImageTableViewCell.swift in Sources */,
				03B8CBD31CC095030023CCD1 /* PhotoOperations.swift in Sources */,
				D16BE28D1B84E46500888838 /* NewsService.swift in Sources */,
				D16BE28F1B84E48000888838 /* NewsTableViewController.swift in Sources */,
				D16BE2891B84E43B00888838 /* Connection.swift in Sources */,
				D16BE2911B84E49700888838 /* WithImageTableViewCell.swift in Sources */,
			);
			runOnlyForDeploymentPostprocessing = 0;
		};
		D16BE2741B84E3E300888838 /* Sources */ = {
			isa = PBXSourcesBuildPhase;
			buildActionMask = 2147483647;
			files = (
				D16BE27F1B84E3E300888838 /* ToiNewsTests.swift in Sources */,
			);
			runOnlyForDeploymentPostprocessing = 0;
		};
/* End PBXSourcesBuildPhase section */

/* Begin PBXTargetDependency section */
		D16BE27A1B84E3E300888838 /* PBXTargetDependency */ = {
			isa = PBXTargetDependency;
			target = D16BE2621B84E3E300888838 /* ToiNews */;
			targetProxy = D16BE2791B84E3E300888838 /* PBXContainerItemProxy */;
		};
/* End PBXTargetDependency section */

/* Begin PBXVariantGroup section */
		D16BE26C1B84E3E300888838 /* Main.storyboard */ = {
			isa = PBXVariantGroup;
			children = (
				D16BE26D1B84E3E300888838 /* Base */,
			);
			name = Main.storyboard;
			sourceTree = "<group>";
		};
		D16BE2711B84E3E300888838 /* LaunchScreen.xib */ = {
			isa = PBXVariantGroup;
			children = (
				D16BE2721B84E3E300888838 /* Base */,
			);
			name = LaunchScreen.xib;
			sourceTree = "<group>";
		};
/* End PBXVariantGroup section */

/* Begin XCBuildConfiguration section */
		D16BE2801B84E3E300888838 /* Debug */ = {
			isa = XCBuildConfiguration;
			buildSettings = {
				ALWAYS_SEARCH_USER_PATHS = NO;
				CLANG_CXX_LANGUAGE_STANDARD = "gnu++0x";
				CLANG_CXX_LIBRARY = "libc++";
				CLANG_ENABLE_MODULES = YES;
				CLANG_ENABLE_OBJC_ARC = YES;
				CLANG_WARN_BOOL_CONVERSION = YES;
				CLANG_WARN_CONSTANT_CONVERSION = YES;
				CLANG_WARN_DIRECT_OBJC_ISA_USAGE = YES_ERROR;
				CLANG_WARN_EMPTY_BODY = YES;
				CLANG_WARN_ENUM_CONVERSION = YES;
				CLANG_WARN_INT_CONVERSION = YES;
				CLANG_WARN_OBJC_ROOT_CLASS = YES_ERROR;
				CLANG_WARN_UNREACHABLE_CODE = YES;
				CLANG_WARN__DUPLICATE_METHOD_MATCH = YES;
				"CODE_SIGN_IDENTITY[sdk=iphoneos*]" = "iPhone Developer";
				COPY_PHASE_STRIP = NO;
				DEBUG_INFORMATION_FORMAT = "dwarf-with-dsym";
				ENABLE_STRICT_OBJC_MSGSEND = YES;
				GCC_C_LANGUAGE_STANDARD = gnu99;
				GCC_DYNAMIC_NO_PIC = NO;
				GCC_NO_COMMON_BLOCKS = YES;
				GCC_OPTIMIZATION_LEVEL = 0;
				GCC_PREPROCESSOR_DEFINITIONS = (
					"DEBUG=1",
					"$(inherited)",
				);
				GCC_SYMBOLS_PRIVATE_EXTERN = NO;
				GCC_WARN_64_TO_32_BIT_CONVERSION = YES;
				GCC_WARN_ABOUT_RETURN_TYPE = YES_ERROR;
				GCC_WARN_UNDECLARED_SELECTOR = YES;
				GCC_WARN_UNINITIALIZED_AUTOS = YES_AGGRESSIVE;
				GCC_WARN_UNUSED_FUNCTION = YES;
				GCC_WARN_UNUSED_VARIABLE = YES;
				IPHONEOS_DEPLOYMENT_TARGET = 7.0;
				MTL_ENABLE_DEBUG_INFO = YES;
				ONLY_ACTIVE_ARCH = YES;
				SDKROOT = iphoneos;
				SWIFT_OPTIMIZATION_LEVEL = "-Onone";
			};
			name = Debug;
		};
		D16BE2811B84E3E300888838 /* Release */ = {
			isa = XCBuildConfiguration;
			buildSettings = {
				ALWAYS_SEARCH_USER_PATHS = NO;
				CLANG_CXX_LANGUAGE_STANDARD = "gnu++0x";
				CLANG_CXX_LIBRARY = "libc++";
				CLANG_ENABLE_MODULES = YES;
				CLANG_ENABLE_OBJC_ARC = YES;
				CLANG_WARN_BOOL_CONVERSION = YES;
				CLANG_WARN_CONSTANT_CONVERSION = YES;
				CLANG_WARN_DIRECT_OBJC_ISA_USAGE = YES_ERROR;
				CLANG_WARN_EMPTY_BODY = YES;
				CLANG_WARN_ENUM_CONVERSION = YES;
				CLANG_WARN_INT_CONVERSION = YES;
				CLANG_WARN_OBJC_ROOT_CLASS = YES_ERROR;
				CLANG_WARN_UNREACHABLE_CODE = YES;
				CLANG_WARN__DUPLICATE_METHOD_MATCH = YES;
				"CODE_SIGN_IDENTITY[sdk=iphoneos*]" = "iPhone Developer";
				COPY_PHASE_STRIP = NO;
				DEBUG_INFORMATION_FORMAT = "dwarf-with-dsym";
				ENABLE_NS_ASSERTIONS = NO;
				ENABLE_STRICT_OBJC_MSGSEND = YES;
				GCC_C_LANGUAGE_STANDARD = gnu99;
				GCC_NO_COMMON_BLOCKS = YES;
				GCC_OPTIMIZATION_LEVEL = 0;
				GCC_WARN_64_TO_32_BIT_CONVERSION = YES;
				GCC_WARN_ABOUT_RETURN_TYPE = YES_ERROR;
				GCC_WARN_UNDECLARED_SELECTOR = YES;
				GCC_WARN_UNINITIALIZED_AUTOS = YES_AGGRESSIVE;
				GCC_WARN_UNUSED_FUNCTION = YES;
				GCC_WARN_UNUSED_VARIABLE = YES;
				IPHONEOS_DEPLOYMENT_TARGET = 7.0;
				MTL_ENABLE_DEBUG_INFO = NO;
				SDKROOT = iphoneos;
				SWIFT_OPTIMIZATION_LEVEL = "-Onone";
				VALIDATE_PRODUCT = YES;
			};
			name = Release;
		};
		D16BE2831B84E3E300888838 /* Debug */ = {
			isa = XCBuildConfiguration;
			buildSettings = {
				ASSETCATALOG_COMPILER_APPICON_NAME = AppIcon;
				INFOPLIST_FILE = ToiNews/Info.plist;
				IPHONEOS_DEPLOYMENT_TARGET = 7.0;
				LD_RUNPATH_SEARCH_PATHS = "$(inherited) @executable_path/Frameworks";
				PRODUCT_NAME = "$(TARGET_NAME)";
				SWIFT_OPTIMIZATION_LEVEL = "-Ounchecked";
			};
			name = Debug;
		};
		D16BE2841B84E3E300888838 /* Release */ = {
			isa = XCBuildConfiguration;
			buildSettings = {
				ASSETCATALOG_COMPILER_APPICON_NAME = AppIcon;
				INFOPLIST_FILE = ToiNews/Info.plist;
				IPHONEOS_DEPLOYMENT_TARGET = 7.0;
				LD_RUNPATH_SEARCH_PATHS = "$(inherited) @executable_path/Frameworks";
				PRODUCT_NAME = "$(TARGET_NAME)";
				SWIFT_OPTIMIZATION_LEVEL = "-Ounchecked";
			};
			name = Release;
		};
		D16BE2861B84E3E300888838 /* Debug */ = {
			isa = XCBuildConfiguration;
			buildSettings = {
				BUNDLE_LOADER = "$(TEST_HOST)";
				FRAMEWORK_SEARCH_PATHS = (
					"$(SDKROOT)/Developer/Library/Frameworks",
					"$(inherited)",
				);
				GCC_PREPROCESSOR_DEFINITIONS = (
					"DEBUG=1",
					"$(inherited)",
				);
				INFOPLIST_FILE = ToiNewsTests/Info.plist;
				LD_RUNPATH_SEARCH_PATHS = "$(inherited) @executable_path/Frameworks @loader_path/Frameworks";
				PRODUCT_NAME = "$(TARGET_NAME)";
				TEST_HOST = "$(BUILT_PRODUCTS_DIR)/ToiNews.app/ToiNews";
			};
			name = Debug;
		};
		D16BE2871B84E3E300888838 /* Release */ = {
			isa = XCBuildConfiguration;
			buildSettings = {
				BUNDLE_LOADER = "$(TEST_HOST)";
				FRAMEWORK_SEARCH_PATHS = (
					"$(SDKROOT)/Developer/Library/Frameworks",
					"$(inherited)",
				);
				INFOPLIST_FILE = ToiNewsTests/Info.plist;
				LD_RUNPATH_SEARCH_PATHS = "$(inherited) @executable_path/Frameworks @loader_path/Frameworks";
				PRODUCT_NAME = "$(TARGET_NAME)";
				TEST_HOST = "$(BUILT_PRODUCTS_DIR)/ToiNews.app/ToiNews";
			};
			name = Release;
		};
/* End XCBuildConfiguration section */

/* Begin XCConfigurationList section */
		D16BE25E1B84E3E300888838 /* Build configuration list for PBXProject "ToiNews" */ = {
			isa = XCConfigurationList;
			buildConfigurations = (
				D16BE2801B84E3E300888838 /* Debug */,
				D16BE2811B84E3E300888838 /* Release */,
			);
			defaultConfigurationIsVisible = 0;
			defaultConfigurationName = Release;
		};
		D16BE2821B84E3E300888838 /* Build configuration list for PBXNativeTarget "ToiNews" */ = {
			isa = XCConfigurationList;
			buildConfigurations = (
				D16BE2831B84E3E300888838 /* Debug */,
				D16BE2841B84E3E300888838 /* Release */,
			);
			defaultConfigurationIsVisible = 0;
			defaultConfigurationName = Release;
		};
		D16BE2851B84E3E300888838 /* Build configuration list for PBXNativeTarget "ToiNewsTests" */ = {
			isa = XCConfigurationList;
			buildConfigurations = (
				D16BE2861B84E3E300888838 /* Debug */,
				D16BE2871B84E3E300888838 /* Release */,
			);
			defaultConfigurationIsVisible = 0;
			defaultConfigurationName = Release;
		};
/* End XCConfigurationList section */
	};
	rootObject = D16BE25B1B84E3E300888838 /* Project object */;
}
